
Microsoft Visual Studio Solution File, Format Version 12.00
# Visual Studio 15
VisualStudioVersion = 15.0.26730.15
MinimumVisualStudioVersion = 10.0.40219.1
Project("{FAE04EC0-301F-11D3-BF4B-00C04F79EFBC}") = "holy-water", "holy-water\holy-water.csproj", "{82CB262E-122E-40A9-9488-1CC4FA8E414F}"
EndProject
Global
	GlobalSection(SolutionConfigurationPlatforms) = preSolution
		Debug|Any CPU = Debug|Any CPU
		Release|Any CPU = Release|Any CPU
	EndGlobalSection
	GlobalSection(ProjectConfigurationPlatforms) = postSolution
		{82CB262E-122E-40A9-9488-1CC4FA8E414F}.Debug|Any CPU.ActiveCfg = Debug|Any CPU
		{82CB262E-122E-40A9-9488-1CC4FA8E414F}.Debug|Any CPU.Build.0 = Debug|Any CPU
		{82CB262E-122E-40A9-9488-1CC4FA8E414F}.Release|Any CPU.ActiveCfg = Release|Any CPU
		{82CB262E-122E-40A9-9488-1CC4FA8E414F}.Release|Any CPU.Build.0 = Release|Any CPU
	EndGlobalSection
	GlobalSection(SolutionProperties) = preSolution
		HideSolutionNode = FALSE
	EndGlobalSection
	GlobalSection(ExtensibilityGlobals) = postSolution
		SolutionGuid = {23F76840-74CE-4BF6-93FD-BE060789DFE9}
	EndGlobalSection
EndGlobal
